
Microsoft Visual Studio Solution File, Format Version 11.00
# Visual Studio 2010
Project("{FAE04EC0-301F-11D3-BF4B-00C04F79EFBC}") = "Standard", "Standard\Standard.csproj", "{ABB56BFF-C676-48C4-9EF1-CA29226676E8}"
EndProject
Global
	GlobalSection(SolutionConfigurationPlatforms) = preSolution
		Debug|x86 = Debug|x86
		Release|x86 = Release|x86
	EndGlobalSection
	GlobalSection(ProjectConfigurationPlatforms) = postSolution
		{ABB56BFF-C676-48C4-9EF1-CA29226676E8}.Debug|x86.ActiveCfg = Debug|x86
		{ABB56BFF-C676-48C4-9EF1-CA29226676E8}.Debug|x86.Build.0 = Debug|x86
		{ABB56BFF-C676-48C4-9EF1-CA29226676E8}.Release|x86.ActiveCfg = Release|x86
		{ABB56BFF-C676-48C4-9EF1-CA29226676E8}.Release|x86.Build.0 = Release|x86
	EndGlobalSection
	GlobalSection(SolutionProperties) = preSolution
		HideSolutionNode = FALSE
	EndGlobalSection
EndGlobal
