
Microsoft Visual Studio Solution File, Format Version 11.00
# Visual Studio 2010
Project("{FAE04EC0-301F-11D3-BF4B-00C04F79EFBC}") = "IctclasDllTest", "IctclasDllTest\IctclasDllTest.csproj", "{64A2085B-28BF-4C96-BC76-F4211A99969D}"
EndProject
Global
	GlobalSection(SolutionConfigurationPlatforms) = preSolution
		Debug|x86 = Debug|x86
		Release|x86 = Release|x86
	EndGlobalSection
	GlobalSection(ProjectConfigurationPlatforms) = postSolution
		{64A2085B-28BF-4C96-BC76-F4211A99969D}.Debug|x86.ActiveCfg = Debug|x86
		{64A2085B-28BF-4C96-BC76-F4211A99969D}.Debug|x86.Build.0 = Debug|x86
		{64A2085B-28BF-4C96-BC76-F4211A99969D}.Release|x86.ActiveCfg = Release|x86
		{64A2085B-28BF-4C96-BC76-F4211A99969D}.Release|x86.Build.0 = Release|x86
	EndGlobalSection
	GlobalSection(SolutionProperties) = preSolution
		HideSolutionNode = FALSE
	EndGlobalSection
EndGlobal
