
Microsoft Visual Studio Solution File, Format Version 11.00
# Visual Studio 2010
Project("{FAE04EC0-301F-11D3-BF4B-00C04F79EFBC}") = "TestDLL", "TestDLL\TestDLL.csproj", "{FE35ED54-FC9F-411B-B12B-D75BB2D84E0E}"
EndProject
Global
	GlobalSection(SolutionConfigurationPlatforms) = preSolution
		Debug|Any CPU = Debug|Any CPU
		Release|Any CPU = Release|Any CPU
	EndGlobalSection
	GlobalSection(ProjectConfigurationPlatforms) = postSolution
		{FE35ED54-FC9F-411B-B12B-D75BB2D84E0E}.Debug|Any CPU.ActiveCfg = Debug|Any CPU
		{FE35ED54-FC9F-411B-B12B-D75BB2D84E0E}.Debug|Any CPU.Build.0 = Debug|Any CPU
		{FE35ED54-FC9F-411B-B12B-D75BB2D84E0E}.Release|Any CPU.ActiveCfg = Release|Any CPU
		{FE35ED54-FC9F-411B-B12B-D75BB2D84E0E}.Release|Any CPU.Build.0 = Release|Any CPU
	EndGlobalSection
	GlobalSection(SolutionProperties) = preSolution
		HideSolutionNode = FALSE
	EndGlobalSection
EndGlobal
