
Microsoft Visual Studio Solution File, Format Version 11.00
# Visual Studio 2010
Project("{FAE04EC0-301F-11D3-BF4B-00C04F79EFBC}") = "KEDLL", "KEDLL\KEDLL.csproj", "{CAC1B08A-2B24-42FB-A130-9D1D77B1E079}"
EndProject
Global
	GlobalSection(SolutionConfigurationPlatforms) = preSolution
		Debug|x86 = Debug|x86
		Release|x86 = Release|x86
	EndGlobalSection
	GlobalSection(ProjectConfigurationPlatforms) = postSolution
		{CAC1B08A-2B24-42FB-A130-9D1D77B1E079}.Debug|x86.ActiveCfg = Debug|x86
		{CAC1B08A-2B24-42FB-A130-9D1D77B1E079}.Debug|x86.Build.0 = Debug|x86
		{CAC1B08A-2B24-42FB-A130-9D1D77B1E079}.Release|x86.ActiveCfg = Release|x86
		{CAC1B08A-2B24-42FB-A130-9D1D77B1E079}.Release|x86.Build.0 = Release|x86
	EndGlobalSection
	GlobalSection(SolutionProperties) = preSolution
		HideSolutionNode = FALSE
	EndGlobalSection
EndGlobal
